
Microsoft Visual Studio Solution File, Format Version 12.00
# Visual Studio 15
VisualStudioVersion = 15.0.27428.2037
MinimumVisualStudioVersion = 10.0.40219.1
Project("{FAE04EC0-301F-11D3-BF4B-00C04F79EFBC}") = "Connected_Select", "Select\Connected_Select.csproj", "{5C9FABF3-CE84-468E-80E7-0794B1E00BA2}"
EndProject
Project("{FAE04EC0-301F-11D3-BF4B-00C04F79EFBC}") = "Connected_Insert", "Connected_Insert\Connected_Insert.csproj", "{CBC804A4-A53D-4C73-9B8E-835A4BC0BF71}"
EndProject
Project("{FAE04EC0-301F-11D3-BF4B-00C04F79EFBC}") = "Connected_Update_Delete", "Connected_Update_Delete\Connected_Update_Delete.csproj", "{C7C0E756-CA46-4F46-A9E3-3D709A2BEF05}"
EndProject
Project("{FAE04EC0-301F-11D3-BF4B-00C04F79EFBC}") = "Disconnected_Urunler_Uygulama", "Disconnected_Urunler_Uygulama\Disconnected_Urunler_Uygulama.csproj", "{8EB133B5-443E-444C-97F3-4FBFA3F9C89F}"
EndProject
Global
	GlobalSection(SolutionConfigurationPlatforms) = preSolution
		Debug|Any CPU = Debug|Any CPU
		Release|Any CPU = Release|Any CPU
	EndGlobalSection
	GlobalSection(ProjectConfigurationPlatforms) = postSolution
		{5C9FABF3-CE84-468E-80E7-0794B1E00BA2}.Debug|Any CPU.ActiveCfg = Debug|Any CPU
		{5C9FABF3-CE84-468E-80E7-0794B1E00BA2}.Debug|Any CPU.Build.0 = Debug|Any CPU
		{5C9FABF3-CE84-468E-80E7-0794B1E00BA2}.Release|Any CPU.ActiveCfg = Release|Any CPU
		{5C9FABF3-CE84-468E-80E7-0794B1E00BA2}.Release|Any CPU.Build.0 = Release|Any CPU
		{CBC804A4-A53D-4C73-9B8E-835A4BC0BF71}.Debug|Any CPU.ActiveCfg = Debug|Any CPU
		{CBC804A4-A53D-4C73-9B8E-835A4BC0BF71}.Debug|Any CPU.Build.0 = Debug|Any CPU
		{CBC804A4-A53D-4C73-9B8E-835A4BC0BF71}.Release|Any CPU.ActiveCfg = Release|Any CPU
		{CBC804A4-A53D-4C73-9B8E-835A4BC0BF71}.Release|Any CPU.Build.0 = Release|Any CPU
		{C7C0E756-CA46-4F46-A9E3-3D709A2BEF05}.Debug|Any CPU.ActiveCfg = Debug|Any CPU
		{C7C0E756-CA46-4F46-A9E3-3D709A2BEF05}.Debug|Any CPU.Build.0 = Debug|Any CPU
		{C7C0E756-CA46-4F46-A9E3-3D709A2BEF05}.Release|Any CPU.ActiveCfg = Release|Any CPU
		{C7C0E756-CA46-4F46-A9E3-3D709A2BEF05}.Release|Any CPU.Build.0 = Release|Any CPU
		{8EB133B5-443E-444C-97F3-4FBFA3F9C89F}.Debug|Any CPU.ActiveCfg = Debug|Any CPU
		{8EB133B5-443E-444C-97F3-4FBFA3F9C89F}.Debug|Any CPU.Build.0 = Debug|Any CPU
		{8EB133B5-443E-444C-97F3-4FBFA3F9C89F}.Release|Any CPU.ActiveCfg = Release|Any CPU
		{8EB133B5-443E-444C-97F3-4FBFA3F9C89F}.Release|Any CPU.Build.0 = Release|Any CPU
	EndGlobalSection
	GlobalSection(SolutionProperties) = preSolution
		HideSolutionNode = FALSE
	EndGlobalSection
	GlobalSection(ExtensibilityGlobals) = postSolution
		SolutionGuid = {FDDA37A9-D30D-4826-9080-B28091656BFD}
	EndGlobalSection
EndGlobal
